
Microsoft Visual Studio Solution File, Format Version 12.00
# Visual Studio Version 17
VisualStudioVersion = 17.5.33424.131
MinimumVisualStudioVersion = 10.0.40219.1
Project("{FAE04EC0-301F-11D3-BF4B-00C04F79EFBC}") = "DsK.WebAPICRUDExample.Server", "DsK.WebAPICRUDExample.Server\DsK.WebAPICRUDExample.Server.csproj", "{1B49753B-F0D8-4FDB-9DF7-6C7EE2CB86B8}"
EndProject
Project("{FAE04EC0-301F-11D3-BF4B-00C04F79EFBC}") = "DsK.DataService", "DsK.DataService\DsK.DataService.csproj", "{7525C3B6-F5B6-42E9-BFAA-2CD9D2AEC1AC}"
EndProject
Global
	GlobalSection(SolutionConfigurationPlatforms) = preSolution
		Debug|Any CPU = Debug|Any CPU
		Release|Any CPU = Release|Any CPU
	EndGlobalSection
	GlobalSection(ProjectConfigurationPlatforms) = postSolution
		{1B49753B-F0D8-4FDB-9DF7-6C7EE2CB86B8}.Debug|Any CPU.ActiveCfg = Debug|Any CPU
		{1B49753B-F0D8-4FDB-9DF7-6C7EE2CB86B8}.Debug|Any CPU.Build.0 = Debug|Any CPU
		{1B49753B-F0D8-4FDB-9DF7-6C7EE2CB86B8}.Release|Any CPU.ActiveCfg = Release|Any CPU
		{1B49753B-F0D8-4FDB-9DF7-6C7EE2CB86B8}.Release|Any CPU.Build.0 = Release|Any CPU
		{7525C3B6-F5B6-42E9-BFAA-2CD9D2AEC1AC}.Debug|Any CPU.ActiveCfg = Debug|Any CPU
		{7525C3B6-F5B6-42E9-BFAA-2CD9D2AEC1AC}.Debug|Any CPU.Build.0 = Debug|Any CPU
		{7525C3B6-F5B6-42E9-BFAA-2CD9D2AEC1AC}.Release|Any CPU.ActiveCfg = Release|Any CPU
		{7525C3B6-F5B6-42E9-BFAA-2CD9D2AEC1AC}.Release|Any CPU.Build.0 = Release|Any CPU
	EndGlobalSection
	GlobalSection(SolutionProperties) = preSolution
		HideSolutionNode = FALSE
	EndGlobalSection
	GlobalSection(ExtensibilityGlobals) = postSolution
		SolutionGuid = {2C6E5BC2-0989-404F-BD09-645144D4615E}
	EndGlobalSection
EndGlobal
